
Microsoft Visual Studio Solution File, Format Version 12.00
# Visual Studio Version 17
VisualStudioVersion = 17.4.33122.133
MinimumVisualStudioVersion = 10.0.40219.1
Project("{FAE04EC0-301F-11D3-BF4B-00C04F79EFBC}") = "QL_Diem_BTL", "QL_Diem_BTL\QL_Diem_BTL.csproj", "{6052C4B7-D54F-4388-BAEC-10363B8F3690}"
EndProject
Global
	GlobalSection(SolutionConfigurationPlatforms) = preSolution
		Debug|Any CPU = Debug|Any CPU
		Release|Any CPU = Release|Any CPU
	EndGlobalSection
	GlobalSection(ProjectConfigurationPlatforms) = postSolution
		{6052C4B7-D54F-4388-BAEC-10363B8F3690}.Debug|Any CPU.ActiveCfg = Debug|Any CPU
		{6052C4B7-D54F-4388-BAEC-10363B8F3690}.Debug|Any CPU.Build.0 = Debug|Any CPU
		{6052C4B7-D54F-4388-BAEC-10363B8F3690}.Release|Any CPU.ActiveCfg = Release|Any CPU
		{6052C4B7-D54F-4388-BAEC-10363B8F3690}.Release|Any CPU.Build.0 = Release|Any CPU
	EndGlobalSection
	GlobalSection(SolutionProperties) = preSolution
		HideSolutionNode = FALSE
	EndGlobalSection
	GlobalSection(ExtensibilityGlobals) = postSolution
		SolutionGuid = {87B10EDE-2BAF-445D-AA80-BAF07794EC4A}
	EndGlobalSection
EndGlobal
